
Microsoft Visual Studio Solution File, Format Version 12.00
# Visual Studio Version 16
VisualStudioVersion = 16.0.28729.10
MinimumVisualStudioVersion = 10.0.40219.1
Project("{2150E333-8FDC-42A3-9474-1A3956D46DE8}") = "Solution Items", "Solution Items", "{DD962E24-DA75-4E4D-87AE-C75781411459}"
	ProjectSection(SolutionItems) = preProject
		LocalTestRun.testrunconfig = LocalTestRun.testrunconfig
		PDFsharpTests-GDI.vsmdi = PDFsharpTests-GDI.vsmdi
	EndProjectSection
EndProject
Project("{FAE04EC0-301F-11D3-BF4B-00C04F79EFBC}") = "PDFsharpTests-GDI", "PDFsharpTests-GDI.csproj", "{890837F6-2F9E-482E-A395-9330D92A1070}"
EndProject
Project("{FAE04EC0-301F-11D3-BF4B-00C04F79EFBC}") = "PdfSharp", "..\..\..\code\PdfSharp\PdfSharp.csproj", "{5384CE57-1F94-4D22-860D-2E9C1AC12DDF}"
EndProject
Project("{FAE04EC0-301F-11D3-BF4B-00C04F79EFBC}") = "NUnit.Helper", "..\..\NUnit.Helper\NUnit.Helper.csproj", "{DF15C2AA-8DC0-45B0-8D1F-1B72B95BC58B}"
EndProject
Global
	GlobalSection(SolutionConfigurationPlatforms) = preSolution
		Debug|Any CPU = Debug|Any CPU
		Release|Any CPU = Release|Any CPU
	EndGlobalSection
	GlobalSection(ProjectConfigurationPlatforms) = postSolution
		{890837F6-2F9E-482E-A395-9330D92A1070}.Debug|Any CPU.ActiveCfg = Debug|Any CPU
		{890837F6-2F9E-482E-A395-9330D92A1070}.Debug|Any CPU.Build.0 = Debug|Any CPU
		{890837F6-2F9E-482E-A395-9330D92A1070}.Release|Any CPU.ActiveCfg = Release|Any CPU
		{890837F6-2F9E-482E-A395-9330D92A1070}.Release|Any CPU.Build.0 = Release|Any CPU
		{5384CE57-1F94-4D22-860D-2E9C1AC12DDF}.Debug|Any CPU.ActiveCfg = Debug|Any CPU
		{5384CE57-1F94-4D22-860D-2E9C1AC12DDF}.Debug|Any CPU.Build.0 = Debug|Any CPU
		{5384CE57-1F94-4D22-860D-2E9C1AC12DDF}.Release|Any CPU.ActiveCfg = Release|Any CPU
		{5384CE57-1F94-4D22-860D-2E9C1AC12DDF}.Release|Any CPU.Build.0 = Release|Any CPU
		{DF15C2AA-8DC0-45B0-8D1F-1B72B95BC58B}.Debug|Any CPU.ActiveCfg = Debug|Any CPU
		{DF15C2AA-8DC0-45B0-8D1F-1B72B95BC58B}.Debug|Any CPU.Build.0 = Debug|Any CPU
		{DF15C2AA-8DC0-45B0-8D1F-1B72B95BC58B}.Release|Any CPU.ActiveCfg = Release|Any CPU
		{DF15C2AA-8DC0-45B0-8D1F-1B72B95BC58B}.Release|Any CPU.Build.0 = Release|Any CPU
	EndGlobalSection
	GlobalSection(SolutionProperties) = preSolution
		HideSolutionNode = FALSE
	EndGlobalSection
	GlobalSection(ExtensibilityGlobals) = postSolution
		SolutionGuid = {7DAD0116-7E10-4C52-AA1F-F488578F161F}
	EndGlobalSection
	GlobalSection(TestCaseManagementSettings) = postSolution
		CategoryFile = PDFsharpTests-GDI.vsmdi
	EndGlobalSection
EndGlobal
